
Microsoft Visual Studio Solution File, Format Version 12.00
# Visual Studio Version 17
VisualStudioVersion = 17.14.37411.7
MinimumVisualStudioVersion = 10.0.40219.1
Project("{FAE04EC0-301F-11D3-BF4B-00C04F79EFBC}") = "KoboldToggle", "KoboldToggle.csproj", "{32A9EDD7-24C2-3078-A56D-25130C9389BC}"
EndProject
Global
	GlobalSection(SolutionConfigurationPlatforms) = preSolution
		Debug|Any CPU = Debug|Any CPU
		Release|Any CPU = Release|Any CPU
	EndGlobalSection
	GlobalSection(ProjectConfigurationPlatforms) = postSolution
		{32A9EDD7-24C2-3078-A56D-25130C9389BC}.Debug|Any CPU.ActiveCfg = Debug|Any CPU
		{32A9EDD7-24C2-3078-A56D-25130C9389BC}.Debug|Any CPU.Build.0 = Debug|Any CPU
		{32A9EDD7-24C2-3078-A56D-25130C9389BC}.Release|Any CPU.ActiveCfg = Release|Any CPU
		{32A9EDD7-24C2-3078-A56D-25130C9389BC}.Release|Any CPU.Build.0 = Release|Any CPU
	EndGlobalSection
	GlobalSection(SolutionProperties) = preSolution
		HideSolutionNode = FALSE
	EndGlobalSection
	GlobalSection(ExtensibilityGlobals) = postSolution
		SolutionGuid = {366266C2-F586-4B7D-A424-94470DC2B978}
	EndGlobalSection
EndGlobal
